{
  "name": "vulnerable-sample",
  "version": "0.0.1",
  "lockfileVersion": 3,
  "requires": true,
  "packages": {
    "": {
      "name": "vulnerable-sample",
      "version": "0.0.1",
      "dependencies": {
        "lodash": "4.17.15",
        "minimist": "0.2.4"
      }
    },
    "node_modules/lodash": {
      "version": "4.17.15",
      "resolved": "https://registry.npmjs.org/lodash/-/lodash-4.17.15.tgz",
      "integrity": "sha512-8xOcRHvCjnocdS5cpwXQXVzmmh5e5+saE2QGoeQmbKmRS6J3VQppPOIt0MnmE+4xlZoumy0GPG0D0MVIQbNA1A==",
      "license": "MIT"
    },
    "node_modules/minimist": {
      "version": "0.2.4",
      "resolved": "https://registry.npmjs.org/minimist/-/minimist-0.2.4.tgz",
      "integrity": "sha512-7EjYIAQGCOrFAMDWOMoYOFDQZ6PsQhvlFthVqGS/PyiGU4LrkpfE7K9Ci5kNvqzGsBF0R3uEIw5Ei1p2OsLag==",
      "license": "MIT"
    }
  }
}
